// !$*UTF8*$!
{
	archiveVersion = 1;
	classes = {
	};
	objectVersion = 55;
	objects = {

/* Begin PBXBuildFile section */
		05DB288B279D9151003A70AF /* MountainAppApp.swift in Sources */ = {isa = PBXBuildFile; fileRef = 05DB288A279D9151003A70AF /* MountainAppApp.swift */; };
		05DB288D279D9151003A70AF /* ContentView.swift in Sources */ = {isa = PBXBuildFile; fileRef = 05DB288C279D9151003A70AF /* ContentView.swift */; };
		05DB288F279D9152003A70AF /* Assets.xcassets in Resources */ = {isa = PBXBuildFile; fileRef = 05DB288E279D9152003A70AF /* Assets.xcassets */; };
		05DB2892279D9152003A70AF /* Preview Assets.xcassets in Resources */ = {isa = PBXBuildFile; fileRef = 05DB2891279D9152003A70AF /* Preview Assets.xcassets */; };
		05DB289C279D9152003A70AF /* MountainAppTests.swift in Sources */ = {isa = PBXBuildFile; fileRef = 05DB289B279D9152003A70AF /* MountainAppTests.swift */; };
		05DB28A6279D9152003A70AF /* MountainAppUITests.swift in Sources */ = {isa = PBXBuildFile; fileRef = 05DB28A5279D9152003A70AF /* MountainAppUITests.swift */; };
		05DB28A8279D9152003A70AF /* MountainAppUITestsLaunchTests.swift in Sources */ = {isa = PBXBuildFile; fileRef = 05DB28A7279D9152003A70AF /* MountainAppUITestsLaunchTests.swift */; };
/* End PBXBuildFile section */

/* Begin PBXContainerItemProxy section */
		05DB2898279D9152003A70AF /* PBXContainerItemProxy */ = {
			isa = PBXContainerItemProxy;
			containerPortal = 05DB287F279D9151003A70AF /* Project object */;
			proxyType = 1;
			remoteGlobalIDString = 05DB2886279D9151003A70AF;
			remoteInfo = MountainApp;
		};
		05DB28A2279D9152003A70AF /* PBXContainerItemProxy */ = {
			isa = PBXContainerItemProxy;
			containerPortal = 05DB287F279D9151003A70AF /* Project object */;
			proxyType = 1;
			remoteGlobalIDString = 05DB2886279D9151003A70AF;
			remoteInfo = MountainApp;
		};
/* End PBXContainerItemProxy section */

/* Begin PBXFileReference section */
		05DB2887279D9151003A70AF /* MountainApp.app */ = {isa = PBXFileReference; explicitFileType = wrapper.application; includeInIndex = 0; path = MountainApp.app; sourceTree = BUILT_PRODUCTS_DIR; };
		05DB288A279D9151003A70AF /* MountainAppApp.swift */ = {isa = PBXFileReference; lastKnownFileType = sourcecode.swift; path = MountainAppApp.swift; sourceTree = "<group>"; };
		05DB288C279D9151003A70AF /* ContentView.swift */ = {isa = PBXFileReference; lastKnownFileType = sourcecode.swift; path = ContentView.swift; sourceTree = "<group>"; };
		05DB288E279D9152003A70AF /* Assets.xcassets */ = {isa = PBXFileReference; lastKnownFileType = folder.assetcatalog; path = Assets.xcassets; sourceTree = "<group>"; };
		05DB2891279D9152003A70AF /* Preview Assets.xcassets */ = {isa = PBXFileReference; lastKnownFileType = folder.assetcatalog; path = "Preview Assets.xcassets"; sourceTree = "<group>"; };
		05DB2897279D9152003A70AF /* MountainAppTests.xctest */ = {isa = PBXFileReference; explicitFileType = wrapper.cfbundle; includeInIndex = 0; path = MountainAppTests.xctest; sourceTree = BUILT_PRODUCTS_DIR; };
		05DB289B279D9152003A70AF /* MountainAppTests.swift */ = {isa = PBXFileReference; lastKnownFileType = sourcecode.swift; path = MountainAppTests.swift; sourceTree = "<group>"; };
		05DB28A1279D9152003A70AF /* MountainAppUITests.xctest */ = {isa = PBXFileReference; explicitFileType = wrapper.cfbundle; includeInIndex = 0; path = MountainAppUITests.xctest; sourceTree = BUILT_PRODUCTS_DIR; };
		05DB28A5279D9152003A70AF /* MountainAppUITests.swift */ = {isa = PBXFileReference; lastKnownFileType = sourcecode.swift; path = MountainAppUITests.swift; sourceTree = "<group>"; };
		05DB28A7279D9152003A70AF /* MountainAppUITestsLaunchTests.swift */ = {isa = PBXFileReference; lastKnownFileType = sourcecode.swift; path = MountainAppUITestsLaunchTests.swift; sourceTree = "<group>"; };
/* End PBXFileReference section */

/* Begin PBXFrameworksBuildPhase section */
		05DB2884279D9151003A70AF /* Frameworks */ = {
			isa = PBXFrameworksBuildPhase;
			buildActionMask = 2147483647;
			files = (
			);
			runOnlyForDeploymentPostprocessing = 0;
		};
		05DB2894279D9152003A70AF /* Frameworks */ = {
			isa = PBXFrameworksBuildPhase;
			buildActionMask = 2147483647;
			files = (
			);
			runOnlyForDeploymentPostprocessing = 0;
		};
		05DB289E279D9152003A70AF /* Frameworks */ = {
			isa = PBXFrameworksBuildPhase;
			buildActionMask = 2147483647;
			files = (
			);
			runOnlyForDeploymentPostprocessing = 0;
		};
/* End PBXFrameworksBuildPhase section */

/* Begin PBXGroup section */
		05DB287E279D9151003A70AF = {
			isa = PBXGroup;
			children = (
				05DB2889279D9151003A70AF /* MountainApp */,
				05DB289A279D9152003A70AF /* MountainAppTests */,
				05DB28A4279D9152003A70AF /* MountainAppUITests */,
				05DB2888279D9151003A70AF /* Products */,
			);
			sourceTree = "<group>";
		};
		05DB2888279D9151003A70AF /* Products */ = {
			isa = PBXGroup;
			children = (
				05DB2887279D9151003A70AF /* MountainApp.app */,
				05DB2897279D9152003A70AF /* MountainAppTests.xctest */,
				05DB28A1279D9152003A70AF /* MountainAppUITests.xctest */,
			);
			name = Products;
			sourceTree = "<group>";
		};
		05DB2889279D9151003A70AF /* MountainApp */ = {
			isa = PBXGroup;
			children = (
				05DB288A279D9151003A70AF /* MountainAppApp.swift */,
				05DB288C279D9151003A70AF /* ContentView.swift */,
				05DB288E279D9152003A70AF /* Assets.xcassets */,
				05DB2890279D9152003A70AF /* Preview Content */,
			);
			path = MountainApp;
			sourceTree = "<group>";
		};
		05DB2890279D9152003A70AF /* Preview Content */ = {
			isa = PBXGroup;
			children = (
				05DB2891279D9152003A70AF /* Preview Assets.xcassets */,
			);
			path = "Preview Content";
			sourceTree = "<group>";
		};
		05DB289A279D9152003A70AF /* MountainAppTests */ = {
			isa = PBXGroup;
			children = (
				05DB289B279D9152003A70AF /* MountainAppTests.swift */,
			);
			path = MountainAppTests;
			sourceTree = "<group>";
		};
		05DB28A4279D9152003A70AF /* MountainAppUITests */ = {
			isa = PBXGroup;
			children = (
				05DB28A5279D9152003A70AF /* MountainAppUITests.swift */,
				05DB28A7279D9152003A70AF /* MountainAppUITestsLaunchTests.swift */,
			);
			path = MountainAppUITests;
			sourceTree = "<group>";
		};
/* End PBXGroup section */

/* Begin PBXNativeTarget section */
		05DB2886279D9151003A70AF /* MountainApp */ = {
			isa = PBXNativeTarget;
			buildConfigurationList = 05DB28AB279D9152003A70AF /* Build configuration list for PBXNativeTarget "MountainApp" */;
			buildPhases = (
				05DB2883279D9151003A70AF /* Sources */,
				05DB2884279D9151003A70AF /* Frameworks */,
				05DB2885279D9151003A70AF /* Resources */,
			);
			buildRules = (
			);
			dependencies = (
			);
			name = MountainApp;
			productName = MountainApp;
			productReference = 05DB2887279D9151003A70AF /* MountainApp.app */;
			productType = "com.apple.product-type.application";
		};
		05DB2896279D9152003A70AF /* MountainAppTests */ = {
			isa = PBXNativeTarget;
			buildConfigurationList = 05DB28AE279D9152003A70AF /* Build configuration list for PBXNativeTarget "MountainAppTests" */;
			buildPhases = (
				05DB2893279D9152003A70AF /* Sources */,
				05DB2894279D9152003A70AF /* Frameworks */,
				05DB2895279D9152003A70AF /* Resources */,
			);
			buildRules = (
			);
			dependencies = (
				05DB2899279D9152003A70AF /* PBXTargetDependency */,
			);
			name = MountainAppTests;
			productName = MountainAppTests;
			productReference = 05DB2897279D9152003A70AF /* MountainAppTests.xctest */;
			productType = "com.apple.product-type.bundle.unit-test";
		};
		05DB28A0279D9152003A70AF /* MountainAppUITests */ = {
			isa = PBXNativeTarget;
			buildConfigurationList = 05DB28B1279D9152003A70AF /* Build configuration list for PBXNativeTarget "MountainAppUITests" */;
			buildPhases = (
				05DB289D279D9152003A70AF /* Sources */,
				05DB289E279D9152003A70AF /* Frameworks */,
				05DB289F279D9152003A70AF /* Resources */,
			);
			buildRules = (
			);
			dependencies = (
				05DB28A3279D9152003A70AF /* PBXTargetDependency */,
			);
			name = MountainAppUITests;
			productName = MountainAppUITests;
			productReference = 05DB28A1279D9152003A70AF /* MountainAppUITests.xctest */;
			productType = "com.apple.product-type.bundle.ui-testing";
		};
/* End PBXNativeTarget section */

/* Begin PBXProject section */
		05DB287F279D9151003A70AF /* Project object */ = {
			isa = PBXProject;
			attributes = {
				BuildIndependentTargetsInParallel = 1;
				LastSwiftUpdateCheck = 1320;
				LastUpgradeCheck = 1320;
				TargetAttributes = {
					05DB2886279D9151003A70AF = {
						CreatedOnToolsVersion = 13.2.1;
					};
					05DB2896279D9152003A70AF = {
						CreatedOnToolsVersion = 13.2.1;
						TestTargetID = 05DB2886279D9151003A70AF;
					};
					05DB28A0279D9152003A70AF = {
						CreatedOnToolsVersion = 13.2.1;
						TestTargetID = 05DB2886279D9151003A70AF;
					};
				};
			};
			buildConfigurationList = 05DB2882279D9151003A70AF /* Build configuration list for PBXProject "MountainApp" */;
			compatibilityVersion = "Xcode 13.0";
			developmentRegion = en;
			hasScannedForEncodings = 0;
			knownRegions = (
				en,
				Base,
			);
			mainGroup = 05DB287E279D9151003A70AF;
			productRefGroup = 05DB2888279D9151003A70AF /* Products */;
			projectDirPath = "";
			projectRoot = "";
			targets = (
				05DB2886279D9151003A70AF /* MountainApp */,
				05DB2896279D9152003A70AF /* MountainAppTests */,
				05DB28A0279D9152003A70AF /* MountainAppUITests */,
			);
		};
/* End PBXProject section */

/* Begin PBXResourcesBuildPhase section */
		05DB2885279D9151003A70AF /* Resources */ = {
			isa = PBXResourcesBuildPhase;
			buildActionMask = 2147483647;
			files = (
				05DB2892279D9152003A70AF /* Preview Assets.xcassets in Resources */,
				05DB288F279D9152003A70AF /* Assets.xcassets in Resources */,
			);
			runOnlyForDeploymentPostprocessing = 0;
		};
		05DB2895279D9152003A70AF /* Resources */ = {
			isa = PBXResourcesBuildPhase;
			buildActionMask = 2147483647;
			files = (
			);
			runOnlyForDeploymentPostprocessing = 0;
		};
		05DB289F279D9152003A70AF /* Resources */ = {
			isa = PBXResourcesBuildPhase;
			buildActionMask = 2147483647;
			files = (
			);
			runOnlyForDeploymentPostprocessing = 0;
		};
/* End PBXResourcesBuildPhase section */

/* Begin PBXSourcesBuildPhase section */
		05DB2883279D9151003A70AF /* Sources */ = {
			isa = PBXSourcesBuildPhase;
			buildActionMask = 2147483647;
			files = (
				05DB288D279D9151003A70AF /* ContentView.swift in Sources */,
				05DB288B279D9151003A70AF /* MountainAppApp.swift in Sources */,
			);
			runOnlyForDeploymentPostprocessing = 0;
		};
		05DB2893279D9152003A70AF /* Sources */ = {
			isa = PBXSourcesBuildPhase;
			buildActionMask = 2147483647;
			files = (
				05DB289C279D9152003A70AF /* MountainAppTests.swift in Sources */,
			);
			runOnlyForDeploymentPostprocessing = 0;
		};
		05DB289D279D9152003A70AF /* Sources */ = {
			isa = PBXSourcesBuildPhase;
			buildActionMask = 2147483647;
			files = (
				05DB28A6279D9152003A70AF /* MountainAppUITests.swift in Sources */,
				05DB28A8279D9152003A70AF /* MountainAppUITestsLaunchTests.swift in Sources */,
			);
			runOnlyForDeploymentPostprocessing = 0;
		};
/* End PBXSourcesBuildPhase section */

/* Begin PBXTargetDependency section */
		05DB2899279D9152003A70AF /* PBXTargetDependency */ = {
			isa = PBXTargetDependency;
			target = 05DB2886279D9151003A70AF /* MountainApp */;
			targetProxy = 05DB2898279D9152003A70AF /* PBXContainerItemProxy */;
		};
		05DB28A3279D9152003A70AF /* PBXTargetDependency */ = {
			isa = PBXTargetDependency;
			target = 05DB2886279D9151003A70AF /* MountainApp */;
			targetProxy = 05DB28A2279D9152003A70AF /* PBXContainerItemProxy */;
		};
/* End PBXTargetDependency section */

/* Begin XCBuildConfiguration section */
		05DB28A9279D9152003A70AF /* Debug */ = {
			isa = XCBuildConfiguration;
			buildSettings = {
				ALWAYS_SEARCH_USER_PATHS = NO;
				CLANG_ANALYZER_NONNULL = YES;
				CLANG_ANALYZER_NUMBER_OBJECT_CONVERSION = YES_AGGRESSIVE;
				CLANG_CXX_LANGUAGE_STANDARD = "gnu++17";
				CLANG_CXX_LIBRARY = "libc++";
				CLANG_ENABLE_MODULES = YES;
				CLANG_ENABLE_OBJC_ARC = YES;
				CLANG_ENABLE_OBJC_WEAK = YES;
				CLANG_WARN_BLOCK_CAPTURE_AUTORELEASING = YES;
				CLANG_WARN_BOOL_CONVERSION = YES;
				CLANG_WARN_COMMA = YES;
				CLANG_WARN_CONSTANT_CONVERSION = YES;
				CLANG_WARN_DEPRECATED_OBJC_IMPLEMENTATIONS = YES;
				CLANG_WARN_DIRECT_OBJC_ISA_USAGE = YES_ERROR;
				CLANG_WARN_DOCUMENTATION_COMMENTS = YES;
				CLANG_WARN_EMPTY_BODY = YES;
				CLANG_WARN_ENUM_CONVERSION = YES;
				CLANG_WARN_INFINITE_RECURSION = YES;
				CLANG_WARN_INT_CONVERSION = YES;
				CLANG_WARN_NON_LITERAL_NULL_CONVERSION = YES;
				CLANG_WARN_OBJC_IMPLICIT_RETAIN_SELF = YES;
				CLANG_WARN_OBJC_LITERAL_CONVERSION = YES;
				CLANG_WARN_OBJC_ROOT_CLASS = YES_ERROR;
				CLANG_WARN_QUOTED_INCLUDE_IN_FRAMEWORK_HEADER = YES;
				CLANG_WARN_RANGE_LOOP_ANALYSIS = YES;
				CLANG_WARN_STRICT_PROTOTYPES = YES;
				CLANG_WARN_SUSPICIOUS_MOVE = YES;
				CLANG_WARN_UNGUARDED_AVAILABILITY = YES_AGGRESSIVE;
				CLANG_WARN_UNREACHABLE_CODE = YES;
				CLANG_WARN__DUPLICATE_METHOD_MATCH = YES;
				COPY_PHASE_STRIP = NO;
				DEBUG_INFORMATION_FORMAT = dwarf;
				ENABLE_STRICT_OBJC_MSGSEND = YES;
				ENABLE_TESTABILITY = YES;
				GCC_C_LANGUAGE_STANDARD = gnu11;
				GCC_DYNAMIC_NO_PIC = NO;
				GCC_NO_COMMON_BLOCKS = YES;
				GCC_OPTIMIZATION_LEVEL = 0;
				GCC_PREPROCESSOR_DEFINITIONS = (
					"DEBUG=1",
					"$(inherited)",
				);
				GCC_WARN_64_TO_32_BIT_CONVERSION = YES;
				GCC_WARN_ABOUT_RETURN_TYPE = YES_ERROR;
				GCC_WARN_UNDECLARED_SELECTOR = YES;
				GCC_WARN_UNINITIALIZED_AUTOS = YES_AGGRESSIVE;
				GCC_WARN_UNUSED_FUNCTION = YES;
				GCC_WARN_UNUSED_VARIABLE = YES;
				IPHONEOS_DEPLOYMENT_TARGET = 15.2;
				MTL_ENABLE_DEBUG_INFO = INCLUDE_SOURCE;
				MTL_FAST_MATH = YES;
				ONLY_ACTIVE_ARCH = YES;
				SDKROOT = iphoneos;
				SWIFT_ACTIVE_COMPILATION_CONDITIONS = DEBUG;
				SWIFT_OPTIMIZATION_LEVEL = "-Onone";
			};
			name = Debug;
		};
		05DB28AA279D9152003A70AF /* Release */ = {
			isa = XCBuildConfiguration;
			buildSettings = {
				ALWAYS_SEARCH_USER_PATHS = NO;
				CLANG_ANALYZER_NONNULL = YES;
				CLANG_ANALYZER_NUMBER_OBJECT_CONVERSION = YES_AGGRESSIVE;
				CLANG_CXX_LANGUAGE_STANDARD = "gnu++17";
				CLANG_CXX_LIBRARY = "libc++";
				CLANG_ENABLE_MODULES = YES;
				CLANG_ENABLE_OBJC_ARC = YES;
				CLANG_ENABLE_OBJC_WEAK = YES;
				CLANG_WARN_BLOCK_CAPTURE_AUTORELEASING = YES;
				CLANG_WARN_BOOL_CONVERSION = YES;
				CLANG_WARN_COMMA = YES;
				CLANG_WARN_CONSTANT_CONVERSION = YES;
				CLANG_WARN_DEPRECATED_OBJC_IMPLEMENTATIONS = YES;
				CLANG_WARN_DIRECT_OBJC_ISA_USAGE = YES_ERROR;
				CLANG_WARN_DOCUMENTATION_COMMENTS = YES;
				CLANG_WARN_EMPTY_BODY = YES;
				CLANG_WARN_ENUM_CONVERSION = YES;
				CLANG_WARN_INFINITE_RECURSION = YES;
				CLANG_WARN_INT_CONVERSION = YES;
				CLANG_WARN_NON_LITERAL_NULL_CONVERSION = YES;
				CLANG_WARN_OBJC_IMPLICIT_RETAIN_SELF = YES;
				CLANG_WARN_OBJC_LITERAL_CONVERSION = YES;
				CLANG_WARN_OBJC_ROOT_CLASS = YES_ERROR;
				CLANG_WARN_QUOTED_INCLUDE_IN_FRAMEWORK_HEADER = YES;
				CLANG_WARN_RANGE_LOOP_ANALYSIS = YES;
				CLANG_WARN_STRICT_PROTOTYPES = YES;
				CLANG_WARN_SUSPICIOUS_MOVE = YES;
				CLANG_WARN_UNGUARDED_AVAILABILITY = YES_AGGRESSIVE;
				CLANG_WARN_UNREACHABLE_CODE = YES;
				CLANG_WARN__DUPLICATE_METHOD_MATCH = YES;
				COPY_PHASE_STRIP = NO;
				DEBUG_INFORMATION_FORMAT = "dwarf-with-dsym";
				ENABLE_NS_ASSERTIONS = NO;
				ENABLE_STRICT_OBJC_MSGSEND = YES;
				GCC_C_LANGUAGE_STANDARD = gnu11;
				GCC_NO_COMMON_BLOCKS = YES;
				GCC_WARN_64_TO_32_BIT_CONVERSION = YES;
				GCC_WARN_ABOUT_RETURN_TYPE = YES_ERROR;
				GCC_WARN_UNDECLARED_SELECTOR = YES;
				GCC_WARN_UNINITIALIZED_AUTOS = YES_AGGRESSIVE;
				GCC_WARN_UNUSED_FUNCTION = YES;
				GCC_WARN_UNUSED_VARIABLE = YES;
				IPHONEOS_DEPLOYMENT_TARGET = 15.2;
				MTL_ENABLE_DEBUG_INFO = NO;
				MTL_FAST_MATH = YES;
				SDKROOT = iphoneos;
				SWIFT_COMPILATION_MODE = wholemodule;
				SWIFT_OPTIMIZATION_LEVEL = "-O";
				VALIDATE_PRODUCT = YES;
			};
			name = Release;
		};
		05DB28AC279D9152003A70AF /* Debug */ = {
			isa = XCBuildConfiguration;
			buildSettings = {
				ASSETCATALOG_COMPILER_APPICON_NAME = AppIcon;
				ASSETCATALOG_COMPILER_GLOBAL_ACCENT_COLOR_NAME = AccentColor;
				CODE_SIGN_STYLE = Automatic;
				CURRENT_PROJECT_VERSION = 1;
				DEVELOPMENT_ASSET_PATHS = "\"MountainApp/Preview Content\"";
				DEVELOPMENT_TEAM = 6G8A6R8HVQ;
				ENABLE_PREVIEWS = YES;
				GENERATE_INFOPLIST_FILE = YES;
				INFOPLIST_KEY_UIApplicationSceneManifest_Generation = YES;
				INFOPLIST_KEY_UIApplicationSupportsIndirectInputEvents = YES;
				INFOPLIST_KEY_UILaunchScreen_Generation = YES;
				INFOPLIST_KEY_UISupportedInterfaceOrientations_iPad = "UIInterfaceOrientationPortrait UIInterfaceOrientationPortraitUpsideDown UIInterfaceOrientationLandscapeLeft UIInterfaceOrientationLandscapeRight";
				INFOPLIST_KEY_UISupportedInterfaceOrientations_iPhone = "UIInterfaceOrientationPortrait UIInterfaceOrientationLandscapeLeft UIInterfaceOrientationLandscapeRight";
				LD_RUNPATH_SEARCH_PATHS = (
					"$(inherited)",
					"@executable_path/Frameworks",
				);
				MARKETING_VERSION = 1.0;
				PRODUCT_BUNDLE_IDENTIFIER = takaoh717.MountainApp;
				PRODUCT_NAME = "$(TARGET_NAME)";
				SWIFT_EMIT_LOC_STRINGS = YES;
				SWIFT_VERSION = 5.0;
				TARGETED_DEVICE_FAMILY = "1,2";
			};
			name = Debug;
		};
		05DB28AD279D9152003A70AF /* Release */ = {
			isa = XCBuildConfiguration;
			buildSettings = {
				ASSETCATALOG_COMPILER_APPICON_NAME = AppIcon;
				ASSETCATALOG_COMPILER_GLOBAL_ACCENT_COLOR_NAME = AccentColor;
				CODE_SIGN_STYLE = Automatic;
				CURRENT_PROJECT_VERSION = 1;
				DEVELOPMENT_ASSET_PATHS = "\"MountainApp/Preview Content\"";
				DEVELOPMENT_TEAM = 6G8A6R8HVQ;
				ENABLE_PREVIEWS = YES;
				GENERATE_INFOPLIST_FILE = YES;
				INFOPLIST_KEY_UIApplicationSceneManifest_Generation = YES;
				INFOPLIST_KEY_UIApplicationSupportsIndirectInputEvents = YES;
				INFOPLIST_KEY_UILaunchScreen_Generation = YES;
				INFOPLIST_KEY_UISupportedInterfaceOrientations_iPad = "UIInterfaceOrientationPortrait UIInterfaceOrientationPortraitUpsideDown UIInterfaceOrientationLandscapeLeft UIInterfaceOrientationLandscapeRight";
				INFOPLIST_KEY_UISupportedInterfaceOrientations_iPhone = "UIInterfaceOrientationPortrait UIInterfaceOrientationLandscapeLeft UIInterfaceOrientationLandscapeRight";
				LD_RUNPATH_SEARCH_PATHS = (
					"$(inherited)",
					"@executable_path/Frameworks",
				);
				MARKETING_VERSION = 1.0;
				PRODUCT_BUNDLE_IDENTIFIER = takaoh717.MountainApp;
				PRODUCT_NAME = "$(TARGET_NAME)";
				SWIFT_EMIT_LOC_STRINGS = YES;
				SWIFT_VERSION = 5.0;
				TARGETED_DEVICE_FAMILY = "1,2";
			};
			name = Release;
		};
		05DB28AF279D9152003A70AF /* Debug */ = {
			isa = XCBuildConfiguration;
			buildSettings = {
				ALWAYS_EMBED_SWIFT_STANDARD_LIBRARIES = YES;
				BUNDLE_LOADER = "$(TEST_HOST)";
				CODE_SIGN_STYLE = Automatic;
				CURRENT_PROJECT_VERSION = 1;
				DEVELOPMENT_TEAM = 6G8A6R8HVQ;
				GENERATE_INFOPLIST_FILE = YES;
				IPHONEOS_DEPLOYMENT_TARGET = 15.2;
				MARKETING_VERSION = 1.0;
				PRODUCT_BUNDLE_IDENTIFIER = takaoh717.MountainAppTests;
				PRODUCT_NAME = "$(TARGET_NAME)";
				SWIFT_EMIT_LOC_STRINGS = NO;
				SWIFT_VERSION = 5.0;
				TARGETED_DEVICE_FAMILY = "1,2";
				TEST_HOST = "$(BUILT_PRODUCTS_DIR)/MountainApp.app/MountainApp";
			};
			name = Debug;
		};
		05DB28B0279D9152003A70AF /* Release */ = {
			isa = XCBuildConfiguration;
			buildSettings = {
				ALWAYS_EMBED_SWIFT_STANDARD_LIBRARIES = YES;
				BUNDLE_LOADER = "$(TEST_HOST)";
				CODE_SIGN_STYLE = Automatic;
				CURRENT_PROJECT_VERSION = 1;
				DEVELOPMENT_TEAM = 6G8A6R8HVQ;
				GENERATE_INFOPLIST_FILE = YES;
				IPHONEOS_DEPLOYMENT_TARGET = 15.2;
				MARKETING_VERSION = 1.0;
				PRODUCT_BUNDLE_IDENTIFIER = takaoh717.MountainAppTests;
				PRODUCT_NAME = "$(TARGET_NAME)";
				SWIFT_EMIT_LOC_STRINGS = NO;
				SWIFT_VERSION = 5.0;
				TARGETED_DEVICE_FAMILY = "1,2";
				TEST_HOST = "$(BUILT_PRODUCTS_DIR)/MountainApp.app/MountainApp";
			};
			name = Release;
		};
		05DB28B2279D9152003A70AF /* Debug */ = {
			isa = XCBuildConfiguration;
			buildSettings = {
				ALWAYS_EMBED_SWIFT_STANDARD_LIBRARIES = YES;
				CODE_SIGN_STYLE = Automatic;
				CURRENT_PROJECT_VERSION = 1;
				DEVELOPMENT_TEAM = 6G8A6R8HVQ;
				GENERATE_INFOPLIST_FILE = YES;
				MARKETING_VERSION = 1.0;
				PRODUCT_BUNDLE_IDENTIFIER = takaoh717.MountainAppUITests;
				PRODUCT_NAME = "$(TARGET_NAME)";
				SWIFT_EMIT_LOC_STRINGS = NO;
				SWIFT_VERSION = 5.0;
				TARGETED_DEVICE_FAMILY = "1,2";
				TEST_TARGET_NAME = MountainApp;
			};
			name = Debug;
		};
		05DB28B3279D9152003A70AF /* Release */ = {
			isa = XCBuildConfiguration;
			buildSettings = {
				ALWAYS_EMBED_SWIFT_STANDARD_LIBRARIES = YES;
				CODE_SIGN_STYLE = Automatic;
				CURRENT_PROJECT_VERSION = 1;
				DEVELOPMENT_TEAM = 6G8A6R8HVQ;
				GENERATE_INFOPLIST_FILE = YES;
				MARKETING_VERSION = 1.0;
				PRODUCT_BUNDLE_IDENTIFIER = takaoh717.MountainAppUITests;
				PRODUCT_NAME = "$(TARGET_NAME)";
				SWIFT_EMIT_LOC_STRINGS = NO;
				SWIFT_VERSION = 5.0;
				TARGETED_DEVICE_FAMILY = "1,2";
				TEST_TARGET_NAME = MountainApp;
			};
			name = Release;
		};
/* End XCBuildConfiguration section */

/* Begin XCConfigurationList section */
		05DB2882279D9151003A70AF /* Build configuration list for PBXProject "MountainApp" */ = {
			isa = XCConfigurationList;
			buildConfigurations = (
				05DB28A9279D9152003A70AF /* Debug */,
				05DB28AA279D9152003A70AF /* Release */,
			);
			defaultConfigurationIsVisible = 0;
			defaultConfigurationName = Release;
		};
		05DB28AB279D9152003A70AF /* Build configuration list for PBXNativeTarget "MountainApp" */ = {
			isa = XCConfigurationList;
			buildConfigurations = (
				05DB28AC279D9152003A70AF /* Debug */,
				05DB28AD279D9152003A70AF /* Release */,
			);
			defaultConfigurationIsVisible = 0;
			defaultConfigurationName = Release;
		};
		05DB28AE279D9152003A70AF /* Build configuration list for PBXNativeTarget "MountainAppTests" */ = {
			isa = XCConfigurationList;
			buildConfigurations = (
				05DB28AF279D9152003A70AF /* Debug */,
				05DB28B0279D9152003A70AF /* Release */,
			);
			defaultConfigurationIsVisible = 0;
			defaultConfigurationName = Release;
		};
		05DB28B1279D9152003A70AF /* Build configuration list for PBXNativeTarget "MountainAppUITests" */ = {
			isa = XCConfigurationList;
			buildConfigurations = (
				05DB28B2279D9152003A70AF /* Debug */,
				05DB28B3279D9152003A70AF /* Release */,
			);
			defaultConfigurationIsVisible = 0;
			defaultConfigurationName = Release;
		};
/* End XCConfigurationList section */
	};
	rootObject = 05DB287F279D9151003A70AF /* Project object */;
}
