// !$*UTF8*$!
{
	archiveVersion = 1;
	classes = {
	};
	objectVersion = 51;
	objects = {

/* Begin PBXBuildFile section */
		27ADD87186376BFFC10D35CF /* MountainTests.swift in Sources */ = {isa = PBXBuildFile; fileRef = A7886F080C3CD70B192844D9 /* MountainTests.swift */; };
		499577B566CC6199C09D097F /* LaunchScreen.storyboard in Resources */ = {isa = PBXBuildFile; fileRef = AE2AFBAE970E0C50AF1B4477 /* LaunchScreen.storyboard */; };
		6895FCB9AC596146E16F92AD /* Assets.xcassets in Resources */ = {isa = PBXBuildFile; fileRef = 28801ECA7272909EA4CC6F1C /* Assets.xcassets */; };
		79744B7EFDE7B645CDCA761E /* ViewController.swift in Sources */ = {isa = PBXBuildFile; fileRef = E8F479B77102E3D36EB38BDD /* ViewController.swift */; };
		A425C07BB8128A6DF5ED1110 /* SceneDelegate.swift in Sources */ = {isa = PBXBuildFile; fileRef = 073A23E6D2045B063B1B14B6 /* SceneDelegate.swift */; };
		A6863055B43504AEDB5399C6 /* AppDelegate.swift in Sources */ = {isa = PBXBuildFile; fileRef = E66B1CB83BCA90A45766692D /* AppDelegate.swift */; };
		FB6F636F7C5728B095CAC0BA /* Main.storyboard in Resources */ = {isa = PBXBuildFile; fileRef = 2B52C85CBBE199BD8C5D62F4 /* Main.storyboard */; };
/* End PBXBuildFile section */

/* Begin PBXContainerItemProxy section */
		CFA384532FAA0FF48B9EF8F4 /* PBXContainerItemProxy */ = {
			isa = PBXContainerItemProxy;
			containerPortal = C93EBCE60E4FA3B5B1E8B5A4 /* Project object */;
			proxyType = 1;
			remoteGlobalIDString = A202602152FEE9DACD9ADE32;
			remoteInfo = Mountain;
		};
/* End PBXContainerItemProxy section */

/* Begin PBXFileReference section */
		073A23E6D2045B063B1B14B6 /* SceneDelegate.swift */ = {isa = PBXFileReference; lastKnownFileType = sourcecode.swift; path = SceneDelegate.swift; sourceTree = "<group>"; };
		1F1858F3D87B04E7476D70CB /* Info.plist */ = {isa = PBXFileReference; lastKnownFileType = text.plist; path = Info.plist; sourceTree = "<group>"; };
		28801ECA7272909EA4CC6F1C /* Assets.xcassets */ = {isa = PBXFileReference; lastKnownFileType = folder.assetcatalog; path = Assets.xcassets; sourceTree = "<group>"; };
		3CC09170545BFB1C6AC7BA59 /* Info.plist */ = {isa = PBXFileReference; lastKnownFileType = text.plist; path = Info.plist; sourceTree = "<group>"; };
		68831FECD66DBD7762BD9BD5 /* Base */ = {isa = PBXFileReference; lastKnownFileType = file.storyboard; name = Base; path = Base.lproj/LaunchScreen.storyboard; sourceTree = "<group>"; };
		A7886F080C3CD70B192844D9 /* MountainTests.swift */ = {isa = PBXFileReference; lastKnownFileType = sourcecode.swift; path = MountainTests.swift; sourceTree = "<group>"; };
		B6A20B3A4BD19D9831B3ACC4 /* MountainTests.xctest */ = {isa = PBXFileReference; includeInIndex = 0; lastKnownFileType = wrapper.cfbundle; path = MountainTests.xctest; sourceTree = BUILT_PRODUCTS_DIR; };
		C33563E95CA5B0D6BBEBE138 /* Mountain.app */ = {isa = PBXFileReference; includeInIndex = 0; lastKnownFileType = wrapper.application; path = Mountain.app; sourceTree = BUILT_PRODUCTS_DIR; };
		DF7DC6A3708D8F8DBBAE3E1C /* Base */ = {isa = PBXFileReference; lastKnownFileType = file.storyboard; name = Base; path = Base.lproj/Main.storyboard; sourceTree = "<group>"; };
		E66B1CB83BCA90A45766692D /* AppDelegate.swift */ = {isa = PBXFileReference; lastKnownFileType = sourcecode.swift; path = AppDelegate.swift; sourceTree = "<group>"; };
		E8F479B77102E3D36EB38BDD /* ViewController.swift */ = {isa = PBXFileReference; lastKnownFileType = sourcecode.swift; path = ViewController.swift; sourceTree = "<group>"; };
/* End PBXFileReference section */

/* Begin PBXGroup section */
		2E2A67D3C4C14FA42E61BA01 /* Products */ = {
			isa = PBXGroup;
			children = (
				C33563E95CA5B0D6BBEBE138 /* Mountain.app */,
				B6A20B3A4BD19D9831B3ACC4 /* MountainTests.xctest */,
			);
			name = Products;
			sourceTree = "<group>";
		};
		527C97AA11C1E3B2B89CEF1C = {
			isa = PBXGroup;
			children = (
				726A5A66AAD247ED77359F79 /* Mountain */,
				82BF435E6CB066D71A52D414 /* MountainTests */,
				2E2A67D3C4C14FA42E61BA01 /* Products */,
			);
			sourceTree = "<group>";
		};
		726A5A66AAD247ED77359F79 /* Mountain */ = {
			isa = PBXGroup;
			children = (
				E66B1CB83BCA90A45766692D /* AppDelegate.swift */,
				28801ECA7272909EA4CC6F1C /* Assets.xcassets */,
				3CC09170545BFB1C6AC7BA59 /* Info.plist */,
				AE2AFBAE970E0C50AF1B4477 /* LaunchScreen.storyboard */,
				2B52C85CBBE199BD8C5D62F4 /* Main.storyboard */,
				073A23E6D2045B063B1B14B6 /* SceneDelegate.swift */,
				E8F479B77102E3D36EB38BDD /* ViewController.swift */,
			);
			path = Mountain;
			sourceTree = "<group>";
		};
		82BF435E6CB066D71A52D414 /* MountainTests */ = {
			isa = PBXGroup;
			children = (
				1F1858F3D87B04E7476D70CB /* Info.plist */,
				A7886F080C3CD70B192844D9 /* MountainTests.swift */,
			);
			path = MountainTests;
			sourceTree = "<group>";
		};
/* End PBXGroup section */

/* Begin PBXNativeTarget section */
		A202602152FEE9DACD9ADE32 /* Mountain */ = {
			isa = PBXNativeTarget;
			buildConfigurationList = CA2087BF6675B61F92767800 /* Build configuration list for PBXNativeTarget "Mountain" */;
			buildPhases = (
				F3227116FBDF7473F8190D65 /* Run SwiftGen */,
				877E8CB375A5EA357A37D79C /* Sources */,
				C7B6CF7762D629D2C832AF73 /* Resources */,
			);
			buildRules = (
			);
			dependencies = (
			);
			name = Mountain;
			productName = Mountain;
			productReference = C33563E95CA5B0D6BBEBE138 /* Mountain.app */;
			productType = "com.apple.product-type.application";
		};
		DECB3627F22653FA67954F06 /* MountainTests */ = {
			isa = PBXNativeTarget;
			buildConfigurationList = 045B083868FF0965BBF13ACE /* Build configuration list for PBXNativeTarget "MountainTests" */;
			buildPhases = (
				8496655D93992FD9E8A0FC5F /* Sources */,
			);
			buildRules = (
			);
			dependencies = (
				ACEFDCD12A2DE93562171DF1 /* PBXTargetDependency */,
			);
			name = MountainTests;
			productName = MountainTests;
			productReference = B6A20B3A4BD19D9831B3ACC4 /* MountainTests.xctest */;
			productType = "com.apple.product-type.bundle.unit-test";
		};
/* End PBXNativeTarget section */

/* Begin PBXProject section */
		C93EBCE60E4FA3B5B1E8B5A4 /* Project object */ = {
			isa = PBXProject;
			attributes = {
				LastUpgradeCheck = 1020;
				TargetAttributes = {
					A202602152FEE9DACD9ADE32 = {
						ProvisioningStyle = Manual;
					};
				};
			};
			buildConfigurationList = 155E61777855E9B63C6C88F3 /* Build configuration list for PBXProject "Mountain" */;
			compatibilityVersion = "Xcode 10.0";
			developmentRegion = en;
			hasScannedForEncodings = 0;
			knownRegions = (
				Base,
			);
			mainGroup = 527C97AA11C1E3B2B89CEF1C;
			projectDirPath = "";
			projectRoot = "";
			targets = (
				A202602152FEE9DACD9ADE32 /* Mountain */,
				DECB3627F22653FA67954F06 /* MountainTests */,
			);
		};
/* End PBXProject section */

/* Begin PBXResourcesBuildPhase section */
		C7B6CF7762D629D2C832AF73 /* Resources */ = {
			isa = PBXResourcesBuildPhase;
			buildActionMask = 2147483647;
			files = (
				6895FCB9AC596146E16F92AD /* Assets.xcassets in Resources */,
				499577B566CC6199C09D097F /* LaunchScreen.storyboard in Resources */,
				FB6F636F7C5728B095CAC0BA /* Main.storyboard in Resources */,
			);
			runOnlyForDeploymentPostprocessing = 0;
		};
/* End PBXResourcesBuildPhase section */

/* Begin PBXShellScriptBuildPhase section */
		F3227116FBDF7473F8190D65 /* Run SwiftGen */ = {
			isa = PBXShellScriptBuildPhase;
			buildActionMask = 2147483647;
			files = (
			);
			inputFileListPaths = (
			);
			inputPaths = (
			);
			name = "Run SwiftGen";
			outputFileListPaths = (
			);
			outputPaths = (
			);
			runOnlyForDeploymentPostprocessing = 0;
			shellPath = /bin/sh;
			shellScript = "make swiftgen";
		};
/* End PBXShellScriptBuildPhase section */

/* Begin PBXSourcesBuildPhase section */
		8496655D93992FD9E8A0FC5F /* Sources */ = {
			isa = PBXSourcesBuildPhase;
			buildActionMask = 2147483647;
			files = (
				27ADD87186376BFFC10D35CF /* MountainTests.swift in Sources */,
			);
			runOnlyForDeploymentPostprocessing = 0;
		};
		877E8CB375A5EA357A37D79C /* Sources */ = {
			isa = PBXSourcesBuildPhase;
			buildActionMask = 2147483647;
			files = (
				A6863055B43504AEDB5399C6 /* AppDelegate.swift in Sources */,
				A425C07BB8128A6DF5ED1110 /* SceneDelegate.swift in Sources */,
				79744B7EFDE7B645CDCA761E /* ViewController.swift in Sources */,
			);
			runOnlyForDeploymentPostprocessing = 0;
		};
/* End PBXSourcesBuildPhase section */

/* Begin PBXTargetDependency section */
		ACEFDCD12A2DE93562171DF1 /* PBXTargetDependency */ = {
			isa = PBXTargetDependency;
			target = A202602152FEE9DACD9ADE32 /* Mountain */;
			targetProxy = CFA384532FAA0FF48B9EF8F4 /* PBXContainerItemProxy */;
		};
/* End PBXTargetDependency section */

/* Begin PBXVariantGroup section */
		2B52C85CBBE199BD8C5D62F4 /* Main.storyboard */ = {
			isa = PBXVariantGroup;
			children = (
				DF7DC6A3708D8F8DBBAE3E1C /* Base */,
			);
			name = Main.storyboard;
			sourceTree = "<group>";
		};
		AE2AFBAE970E0C50AF1B4477 /* LaunchScreen.storyboard */ = {
			isa = PBXVariantGroup;
			children = (
				68831FECD66DBD7762BD9BD5 /* Base */,
			);
			name = LaunchScreen.storyboard;
			sourceTree = "<group>";
		};
/* End PBXVariantGroup section */

/* Begin XCBuildConfiguration section */
		54A4FA0081530655D38A94A3 /* Debug */ = {
			isa = XCBuildConfiguration;
			buildSettings = {
				ALWAYS_SEARCH_USER_PATHS = NO;
				CLANG_ANALYZER_NONNULL = YES;
				CLANG_ANALYZER_NUMBER_OBJECT_CONVERSION = YES_AGGRESSIVE;
				CLANG_CXX_LANGUAGE_STANDARD = "gnu++14";
				CLANG_CXX_LIBRARY = "libc++";
				CLANG_ENABLE_MODULES = YES;
				CLANG_ENABLE_OBJC_ARC = YES;
				CLANG_WARN_BLOCK_CAPTURE_AUTORELEASING = YES;
				CLANG_WARN_BOOL_CONVERSION = YES;
				CLANG_WARN_COMMA = YES;
				CLANG_WARN_CONSTANT_CONVERSION = YES;
				CLANG_WARN_DEPRECATED_OBJC_IMPLEMENTATIONS = YES;
				CLANG_WARN_DIRECT_OBJC_ISA_USAGE = YES_ERROR;
				CLANG_WARN_DOCUMENTATION_COMMENTS = YES;
				CLANG_WARN_EMPTY_BODY = YES;
				CLANG_WARN_ENUM_CONVERSION = YES;
				CLANG_WARN_INFINITE_RECURSION = YES;
				CLANG_WARN_INT_CONVERSION = YES;
				CLANG_WARN_NON_LITERAL_NULL_CONVERSION = YES;
				CLANG_WARN_OBJC_IMPLICIT_RETAIN_SELF = YES;
				CLANG_WARN_OBJC_LITERAL_CONVERSION = YES;
				CLANG_WARN_OBJC_ROOT_CLASS = YES_ERROR;
				CLANG_WARN_RANGE_LOOP_ANALYSIS = YES;
				CLANG_WARN_STRICT_PROTOTYPES = YES;
				CLANG_WARN_SUSPICIOUS_MOVE = YES;
				CLANG_WARN_UNGUARDED_AVAILABILITY = YES_AGGRESSIVE;
				CLANG_WARN_UNREACHABLE_CODE = YES;
				CLANG_WARN__DUPLICATE_METHOD_MATCH = YES;
				COPY_PHASE_STRIP = NO;
				DEBUG_INFORMATION_FORMAT = dwarf;
				ENABLE_STRICT_OBJC_MSGSEND = YES;
				ENABLE_TESTABILITY = YES;
				GCC_C_LANGUAGE_STANDARD = gnu11;
				GCC_DYNAMIC_NO_PIC = NO;
				GCC_NO_COMMON_BLOCKS = YES;
				GCC_OPTIMIZATION_LEVEL = 0;
				GCC_PREPROCESSOR_DEFINITIONS = (
					"$(inherited)",
					"DEBUG=1",
				);
				GCC_WARN_64_TO_32_BIT_CONVERSION = YES;
				GCC_WARN_ABOUT_RETURN_TYPE = YES_ERROR;
				GCC_WARN_UNDECLARED_SELECTOR = YES;
				GCC_WARN_UNINITIALIZED_AUTOS = YES_AGGRESSIVE;
				GCC_WARN_UNUSED_FUNCTION = YES;
				GCC_WARN_UNUSED_VARIABLE = YES;
				IPHONEOS_DEPLOYMENT_TARGET = 13.0;
				MTL_ENABLE_DEBUG_INFO = YES;
				ONLY_ACTIVE_ARCH = YES;
				PRODUCT_NAME = "$(TARGET_NAME)";
				SDKROOT = iphoneos;
				SWIFT_ACTIVE_COMPILATION_CONDITIONS = DEBUG;
				SWIFT_OPTIMIZATION_LEVEL = "-Onone";
				SWIFT_VERSION = 5.0;
			};
			name = Debug;
		};
		65301ADE6396A7C05BC06A6D /* Debug */ = {
			isa = XCBuildConfiguration;
			buildSettings = {
				BUNDLE_LOADER = "$(TEST_HOST)";
				INFOPLIST_FILE = MountainTests/Info.plist;
				LD_RUNPATH_SEARCH_PATHS = (
					"$(inherited)",
					"@executable_path/Frameworks",
					"@loader_path/Frameworks",
				);
				PRODUCT_BUNDLE_IDENTIFIER = com.takaoh717.MountainTests;
				SDKROOT = iphoneos;
				TARGETED_DEVICE_FAMILY = "1,2";
				TEST_HOST = "$(BUILT_PRODUCTS_DIR)/Mountain.app/Mountain";
			};
			name = Debug;
		};
		AC24622671AB227758FC01C5 /* Release */ = {
			isa = XCBuildConfiguration;
			buildSettings = {
				BUNDLE_LOADER = "$(TEST_HOST)";
				INFOPLIST_FILE = MountainTests/Info.plist;
				LD_RUNPATH_SEARCH_PATHS = (
					"$(inherited)",
					"@executable_path/Frameworks",
					"@loader_path/Frameworks",
				);
				PRODUCT_BUNDLE_IDENTIFIER = com.takaoh717.MountainTests;
				SDKROOT = iphoneos;
				TARGETED_DEVICE_FAMILY = "1,2";
				TEST_HOST = "$(BUILT_PRODUCTS_DIR)/Mountain.app/Mountain";
			};
			name = Release;
		};
		B596FF82FAF46E87CFC9CCF4 /* Release */ = {
			isa = XCBuildConfiguration;
			buildSettings = {
				ASSETCATALOG_COMPILER_APPICON_NAME = AppIcon;
				CODE_SIGN_IDENTITY = "iPhone Developer";
				CODE_SIGN_STYLE = Manual;
				INFOPLIST_FILE = Mountain/Resources/Info.plist;
				LD_RUNPATH_SEARCH_PATHS = (
					"$(inherited)",
					"@executable_path/Frameworks",
				);
				PRODUCT_BUNDLE_IDENTIFIER = com.takaoh717.Mountain;
				SDKROOT = iphoneos;
				TARGETED_DEVICE_FAMILY = 1;
			};
			name = Release;
		};
		DBC164EDAEB7AB46271833D4 /* Release */ = {
			isa = XCBuildConfiguration;
			buildSettings = {
				ALWAYS_SEARCH_USER_PATHS = NO;
				CLANG_ANALYZER_NONNULL = YES;
				CLANG_ANALYZER_NUMBER_OBJECT_CONVERSION = YES_AGGRESSIVE;
				CLANG_CXX_LANGUAGE_STANDARD = "gnu++14";
				CLANG_CXX_LIBRARY = "libc++";
				CLANG_ENABLE_MODULES = YES;
				CLANG_ENABLE_OBJC_ARC = YES;
				CLANG_WARN_BLOCK_CAPTURE_AUTORELEASING = YES;
				CLANG_WARN_BOOL_CONVERSION = YES;
				CLANG_WARN_COMMA = YES;
				CLANG_WARN_CONSTANT_CONVERSION = YES;
				CLANG_WARN_DEPRECATED_OBJC_IMPLEMENTATIONS = YES;
				CLANG_WARN_DIRECT_OBJC_ISA_USAGE = YES_ERROR;
				CLANG_WARN_DOCUMENTATION_COMMENTS = YES;
				CLANG_WARN_EMPTY_BODY = YES;
				CLANG_WARN_ENUM_CONVERSION = YES;
				CLANG_WARN_INFINITE_RECURSION = YES;
				CLANG_WARN_INT_CONVERSION = YES;
				CLANG_WARN_NON_LITERAL_NULL_CONVERSION = YES;
				CLANG_WARN_OBJC_IMPLICIT_RETAIN_SELF = YES;
				CLANG_WARN_OBJC_LITERAL_CONVERSION = YES;
				CLANG_WARN_OBJC_ROOT_CLASS = YES_ERROR;
				CLANG_WARN_RANGE_LOOP_ANALYSIS = YES;
				CLANG_WARN_STRICT_PROTOTYPES = YES;
				CLANG_WARN_SUSPICIOUS_MOVE = YES;
				CLANG_WARN_UNGUARDED_AVAILABILITY = YES_AGGRESSIVE;
				CLANG_WARN_UNREACHABLE_CODE = YES;
				CLANG_WARN__DUPLICATE_METHOD_MATCH = YES;
				COPY_PHASE_STRIP = NO;
				DEBUG_INFORMATION_FORMAT = "dwarf-with-dsym";
				ENABLE_NS_ASSERTIONS = NO;
				ENABLE_STRICT_OBJC_MSGSEND = YES;
				GCC_C_LANGUAGE_STANDARD = gnu11;
				GCC_NO_COMMON_BLOCKS = YES;
				GCC_WARN_64_TO_32_BIT_CONVERSION = YES;
				GCC_WARN_ABOUT_RETURN_TYPE = YES_ERROR;
				GCC_WARN_UNDECLARED_SELECTOR = YES;
				GCC_WARN_UNINITIALIZED_AUTOS = YES_AGGRESSIVE;
				GCC_WARN_UNUSED_FUNCTION = YES;
				GCC_WARN_UNUSED_VARIABLE = YES;
				IPHONEOS_DEPLOYMENT_TARGET = 13.0;
				PRODUCT_NAME = "$(TARGET_NAME)";
				SDKROOT = iphoneos;
				SWIFT_COMPILATION_MODE = wholemodule;
				SWIFT_VERSION = 5.0;
				VALIDATE_PRODUCT = YES;
			};
			name = Release;
		};
		FBAD80BEC6A8DFF2EFA881A9 /* Debug */ = {
			isa = XCBuildConfiguration;
			buildSettings = {
				ASSETCATALOG_COMPILER_APPICON_NAME = AppIcon;
				CODE_SIGN_IDENTITY = "iPhone Developer";
				CODE_SIGN_STYLE = Manual;
				INFOPLIST_FILE = Mountain/Resources/Info.plist;
				LD_RUNPATH_SEARCH_PATHS = (
					"$(inherited)",
					"@executable_path/Frameworks",
				);
				PRODUCT_BUNDLE_IDENTIFIER = com.takaoh717.Mountain;
				SDKROOT = iphoneos;
				TARGETED_DEVICE_FAMILY = 1;
			};
			name = Debug;
		};
/* End XCBuildConfiguration section */

/* Begin XCConfigurationList section */
		045B083868FF0965BBF13ACE /* Build configuration list for PBXNativeTarget "MountainTests" */ = {
			isa = XCConfigurationList;
			buildConfigurations = (
				65301ADE6396A7C05BC06A6D /* Debug */,
				AC24622671AB227758FC01C5 /* Release */,
			);
			defaultConfigurationIsVisible = 0;
			defaultConfigurationName = Debug;
		};
		155E61777855E9B63C6C88F3 /* Build configuration list for PBXProject "Mountain" */ = {
			isa = XCConfigurationList;
			buildConfigurations = (
				54A4FA0081530655D38A94A3 /* Debug */,
				DBC164EDAEB7AB46271833D4 /* Release */,
			);
			defaultConfigurationIsVisible = 0;
			defaultConfigurationName = Debug;
		};
		CA2087BF6675B61F92767800 /* Build configuration list for PBXNativeTarget "Mountain" */ = {
			isa = XCConfigurationList;
			buildConfigurations = (
				FBAD80BEC6A8DFF2EFA881A9 /* Debug */,
				B596FF82FAF46E87CFC9CCF4 /* Release */,
			);
			defaultConfigurationIsVisible = 0;
			defaultConfigurationName = Debug;
		};
/* End XCConfigurationList section */
	};
	rootObject = C93EBCE60E4FA3B5B1E8B5A4 /* Project object */;
}
